
Microsoft Visual Studio Solution File, Format Version 12.00
# Visual Studio Version 17
VisualStudioVersion = 17.14.36623.8
MinimumVisualStudioVersion = 10.0.40219.1
Project("{FAE04EC0-301F-11D3-BF4B-00C04F79EFBC}") = "FlowOps", "FlowOps\FlowOps.csproj", "{8D7704C9-5CEA-46D4-9F83-25C26828FCF7}"
EndProject
Project("{FAE04EC0-301F-11D3-BF4B-00C04F79EFBC}") = "FlowOps.BuildingBlocks", "FlowOps.BuildingBlocks\FlowOps.BuildingBlocks.csproj", "{787661B5-67E5-4B72-B351-A399FF994516}"
EndProject
Global
	GlobalSection(SolutionConfigurationPlatforms) = preSolution
		Debug|Any CPU = Debug|Any CPU
		Debug|x64 = Debug|x64
		Debug|x86 = Debug|x86
		Release|Any CPU = Release|Any CPU
		Release|x64 = Release|x64
		Release|x86 = Release|x86
	EndGlobalSection
	GlobalSection(ProjectConfigurationPlatforms) = postSolution
		{8D7704C9-5CEA-46D4-9F83-25C26828FCF7}.Debug|Any CPU.ActiveCfg = Debug|Any CPU
		{8D7704C9-5CEA-46D4-9F83-25C26828FCF7}.Debug|Any CPU.Build.0 = Debug|Any CPU
		{8D7704C9-5CEA-46D4-9F83-25C26828FCF7}.Debug|x64.ActiveCfg = Debug|Any CPU
		{8D7704C9-5CEA-46D4-9F83-25C26828FCF7}.Debug|x64.Build.0 = Debug|Any CPU
		{8D7704C9-5CEA-46D4-9F83-25C26828FCF7}.Debug|x86.ActiveCfg = Debug|Any CPU
		{8D7704C9-5CEA-46D4-9F83-25C26828FCF7}.Debug|x86.Build.0 = Debug|Any CPU
		{8D7704C9-5CEA-46D4-9F83-25C26828FCF7}.Release|Any CPU.ActiveCfg = Release|Any CPU
		{8D7704C9-5CEA-46D4-9F83-25C26828FCF7}.Release|Any CPU.Build.0 = Release|Any CPU
		{8D7704C9-5CEA-46D4-9F83-25C26828FCF7}.Release|x64.ActiveCfg = Release|Any CPU
		{8D7704C9-5CEA-46D4-9F83-25C26828FCF7}.Release|x64.Build.0 = Release|Any CPU
		{8D7704C9-5CEA-46D4-9F83-25C26828FCF7}.Release|x86.ActiveCfg = Release|Any CPU
		{8D7704C9-5CEA-46D4-9F83-25C26828FCF7}.Release|x86.Build.0 = Release|Any CPU
		{787661B5-67E5-4B72-B351-A399FF994516}.Debug|Any CPU.ActiveCfg = Debug|Any CPU
		{787661B5-67E5-4B72-B351-A399FF994516}.Debug|Any CPU.Build.0 = Debug|Any CPU
		{787661B5-67E5-4B72-B351-A399FF994516}.Debug|x64.ActiveCfg = Debug|Any CPU
		{787661B5-67E5-4B72-B351-A399FF994516}.Debug|x64.Build.0 = Debug|Any CPU
		{787661B5-67E5-4B72-B351-A399FF994516}.Debug|x86.ActiveCfg = Debug|Any CPU
		{787661B5-67E5-4B72-B351-A399FF994516}.Debug|x86.Build.0 = Debug|Any CPU
		{787661B5-67E5-4B72-B351-A399FF994516}.Release|Any CPU.ActiveCfg = Release|Any CPU
		{787661B5-67E5-4B72-B351-A399FF994516}.Release|Any CPU.Build.0 = Release|Any CPU
		{787661B5-67E5-4B72-B351-A399FF994516}.Release|x64.ActiveCfg = Release|Any CPU
		{787661B5-67E5-4B72-B351-A399FF994516}.Release|x64.Build.0 = Release|Any CPU
		{787661B5-67E5-4B72-B351-A399FF994516}.Release|x86.ActiveCfg = Release|Any CPU
		{787661B5-67E5-4B72-B351-A399FF994516}.Release|x86.Build.0 = Release|Any CPU
	EndGlobalSection
	GlobalSection(SolutionProperties) = preSolution
		HideSolutionNode = FALSE
	EndGlobalSection
	GlobalSection(ExtensibilityGlobals) = postSolution
		SolutionGuid = {A1AE7C47-C91F-41A6-A17F-9E7295EAB449}
	EndGlobalSection
EndGlobal
